
Microsoft Visual Studio Solution File, Format Version 12.00
# Visual Studio Version 17
VisualStudioVersion = 17.9.34607.119
MinimumVisualStudioVersion = 10.0.40219.1
Project("{FAE04EC0-301F-11D3-BF4B-00C04F79EFBC}") = "Testing the GUI1", "Testing the GUI1\Testing the GUI1.csproj", "{D09D981A-0DEA-4D32-9F4D-E7A0725C8003}"
EndProject
Global
	GlobalSection(SolutionConfigurationPlatforms) = preSolution
		Debug|Any CPU = Debug|Any CPU
		Release|Any CPU = Release|Any CPU
	EndGlobalSection
	GlobalSection(ProjectConfigurationPlatforms) = postSolution
		{D09D981A-0DEA-4D32-9F4D-E7A0725C8003}.Debug|Any CPU.ActiveCfg = Debug|Any CPU
		{D09D981A-0DEA-4D32-9F4D-E7A0725C8003}.Debug|Any CPU.Build.0 = Debug|Any CPU
		{D09D981A-0DEA-4D32-9F4D-E7A0725C8003}.Release|Any CPU.ActiveCfg = Release|Any CPU
		{D09D981A-0DEA-4D32-9F4D-E7A0725C8003}.Release|Any CPU.Build.0 = Release|Any CPU
	EndGlobalSection
	GlobalSection(SolutionProperties) = preSolution
		HideSolutionNode = FALSE
	EndGlobalSection
	GlobalSection(ExtensibilityGlobals) = postSolution
		SolutionGuid = {4C12FB57-FF5C-4A49-B1CF-94B8865CBAA6}
	EndGlobalSection
EndGlobal
